
Microsoft Visual Studio Solution File, Format Version 12.00
# Visual Studio 15
VisualStudioVersion = 15.0.26403.3
MinimumVisualStudioVersion = 10.0.40219.1
Project("{FAE04EC0-301F-11D3-BF4B-00C04F79EFBC}") = "Netcoregithub", "Netcoregithub\Netcoregithub.csproj", "{CD4AB539-96F2-4118-9C14-419C083B4375}"
EndProject
Project("{E53339B2-1760-4266-BCC7-CA923CBCF16C}") = "docker-compose", "docker-compose.dcproj", "{F240D780-7828-481F-8907-F0B57B8EA94D}"
EndProject
Global
	GlobalSection(SolutionConfigurationPlatforms) = preSolution
		Debug|Any CPU = Debug|Any CPU
		Release|Any CPU = Release|Any CPU
	EndGlobalSection
	GlobalSection(ProjectConfigurationPlatforms) = postSolution
		{CD4AB539-96F2-4118-9C14-419C083B4375}.Debug|Any CPU.ActiveCfg = Debug|Any CPU
		{CD4AB539-96F2-4118-9C14-419C083B4375}.Debug|Any CPU.Build.0 = Debug|Any CPU
		{CD4AB539-96F2-4118-9C14-419C083B4375}.Release|Any CPU.ActiveCfg = Release|Any CPU
		{CD4AB539-96F2-4118-9C14-419C083B4375}.Release|Any CPU.Build.0 = Release|Any CPU
		{F240D780-7828-481F-8907-F0B57B8EA94D}.Debug|Any CPU.ActiveCfg = Debug|Any CPU
		{F240D780-7828-481F-8907-F0B57B8EA94D}.Debug|Any CPU.Build.0 = Debug|Any CPU
		{F240D780-7828-481F-8907-F0B57B8EA94D}.Release|Any CPU.ActiveCfg = Release|Any CPU
		{F240D780-7828-481F-8907-F0B57B8EA94D}.Release|Any CPU.Build.0 = Release|Any CPU
	EndGlobalSection
	GlobalSection(SolutionProperties) = preSolution
		HideSolutionNode = FALSE
	EndGlobalSection
EndGlobal
